
Microsoft Visual Studio Solution File, Format Version 12.00
# Visual Studio 15
VisualStudioVersion = 15.0.28307.902
MinimumVisualStudioVersion = 10.0.40219.1
Project("{FAE04EC0-301F-11D3-BF4B-00C04F79EFBC}") = "CompanyDetailsConsoleApp", "CompanyDetailsConsoleApp\CompanyDetailsConsoleApp.csproj", "{082D0E07-3FEA-4F2C-896A-484A017A4E87}"
EndProject
Project("{FAE04EC0-301F-11D3-BF4B-00C04F79EFBC}") = "CompanyDetailsApi", "CompanyDetailsApi\CompanyDetailsApi.csproj", "{4EBB62C8-7E64-45D2-96D8-4DA03C53EDBC}"
EndProject
Global
	GlobalSection(SolutionConfigurationPlatforms) = preSolution
		Debug|Any CPU = Debug|Any CPU
		Release|Any CPU = Release|Any CPU
	EndGlobalSection
	GlobalSection(ProjectConfigurationPlatforms) = postSolution
		{082D0E07-3FEA-4F2C-896A-484A017A4E87}.Debug|Any CPU.ActiveCfg = Debug|Any CPU
		{082D0E07-3FEA-4F2C-896A-484A017A4E87}.Debug|Any CPU.Build.0 = Debug|Any CPU
		{082D0E07-3FEA-4F2C-896A-484A017A4E87}.Release|Any CPU.ActiveCfg = Release|Any CPU
		{082D0E07-3FEA-4F2C-896A-484A017A4E87}.Release|Any CPU.Build.0 = Release|Any CPU
		{4EBB62C8-7E64-45D2-96D8-4DA03C53EDBC}.Debug|Any CPU.ActiveCfg = Debug|Any CPU
		{4EBB62C8-7E64-45D2-96D8-4DA03C53EDBC}.Debug|Any CPU.Build.0 = Debug|Any CPU
		{4EBB62C8-7E64-45D2-96D8-4DA03C53EDBC}.Release|Any CPU.ActiveCfg = Release|Any CPU
		{4EBB62C8-7E64-45D2-96D8-4DA03C53EDBC}.Release|Any CPU.Build.0 = Release|Any CPU
	EndGlobalSection
	GlobalSection(SolutionProperties) = preSolution
		HideSolutionNode = FALSE
	EndGlobalSection
	GlobalSection(ExtensibilityGlobals) = postSolution
		SolutionGuid = {03EEE765-B1E1-4AB8-9CDF-91C9BD0B4EA6}
	EndGlobalSection
EndGlobal
